
Microsoft Visual Studio Solution File, Format Version 12.00
# Visual Studio Version 16
VisualStudioVersion = 16.0.31005.135
MinimumVisualStudioVersion = 10.0.40219.1
Project("{FAE04EC0-301F-11D3-BF4B-00C04F79EFBC}") = "WebProdutcShowcase", "WebProdutcShowcase\WebProdutcShowcase.csproj", "{4E3A1CE4-9A4F-4D02-8788-1C6603E9829D}"
EndProject
Global
	GlobalSection(SolutionConfigurationPlatforms) = preSolution
		Debug|Any CPU = Debug|Any CPU
		Release|Any CPU = Release|Any CPU
	EndGlobalSection
	GlobalSection(ProjectConfigurationPlatforms) = postSolution
		{4E3A1CE4-9A4F-4D02-8788-1C6603E9829D}.Debug|Any CPU.ActiveCfg = Debug|Any CPU
		{4E3A1CE4-9A4F-4D02-8788-1C6603E9829D}.Debug|Any CPU.Build.0 = Debug|Any CPU
		{4E3A1CE4-9A4F-4D02-8788-1C6603E9829D}.Release|Any CPU.ActiveCfg = Release|Any CPU
		{4E3A1CE4-9A4F-4D02-8788-1C6603E9829D}.Release|Any CPU.Build.0 = Release|Any CPU
	EndGlobalSection
	GlobalSection(SolutionProperties) = preSolution
		HideSolutionNode = FALSE
	EndGlobalSection
	GlobalSection(ExtensibilityGlobals) = postSolution
		SolutionGuid = {35B24BF0-F36C-4472-9757-B2830211FF62}
	EndGlobalSection
EndGlobal
